
Microsoft Visual Studio Solution File, Format Version 12.00
# Visual Studio Version 16
VisualStudioVersion = 16.0.32106.194
MinimumVisualStudioVersion = 10.0.40219.1
Project("{9A19103F-16F7-4668-BE54-9A1E7A4F7556}") = "ConsoleUI", "ConsoleUI\ConsoleUI.csproj", "{14FECA3C-E429-4866-9D47-F634ED1EBA48}"
EndProject
Project("{9A19103F-16F7-4668-BE54-9A1E7A4F7556}") = "WebAPI", "WebAPI\WebAPI.csproj", "{9C8E492A-C7B4-42A4-A00E-3C78D76AA7EA}"
EndProject
Project("{FAE04EC0-301F-11D3-BF4B-00C04F79EFBC}") = "Business", "Business\Business.csproj", "{9EB96B8A-B522-4599-B075-534B6DBA7F84}"
EndProject
Project("{FAE04EC0-301F-11D3-BF4B-00C04F79EFBC}") = "Core", "Core\Core.csproj", "{BEAD9614-6979-4709-8D58-FA451D6C2580}"
EndProject
Project("{FAE04EC0-301F-11D3-BF4B-00C04F79EFBC}") = "DataAccess", "DataAccess\DataAccess.csproj", "{A4F80B8B-DAB5-43A1-A482-4F8D15F06352}"
EndProject
Project("{FAE04EC0-301F-11D3-BF4B-00C04F79EFBC}") = "Entities", "Entities\Entities.csproj", "{75246F15-E216-423E-8099-87E76B1BF5A7}"
EndProject
Global
	GlobalSection(SolutionConfigurationPlatforms) = preSolution
		Debug|Any CPU = Debug|Any CPU
		Release|Any CPU = Release|Any CPU
	EndGlobalSection
	GlobalSection(ProjectConfigurationPlatforms) = postSolution
		{14FECA3C-E429-4866-9D47-F634ED1EBA48}.Debug|Any CPU.ActiveCfg = Debug|Any CPU
		{14FECA3C-E429-4866-9D47-F634ED1EBA48}.Debug|Any CPU.Build.0 = Debug|Any CPU
		{14FECA3C-E429-4866-9D47-F634ED1EBA48}.Release|Any CPU.ActiveCfg = Release|Any CPU
		{14FECA3C-E429-4866-9D47-F634ED1EBA48}.Release|Any CPU.Build.0 = Release|Any CPU
		{9C8E492A-C7B4-42A4-A00E-3C78D76AA7EA}.Debug|Any CPU.ActiveCfg = Debug|Any CPU
		{9C8E492A-C7B4-42A4-A00E-3C78D76AA7EA}.Debug|Any CPU.Build.0 = Debug|Any CPU
		{9C8E492A-C7B4-42A4-A00E-3C78D76AA7EA}.Release|Any CPU.ActiveCfg = Release|Any CPU
		{9C8E492A-C7B4-42A4-A00E-3C78D76AA7EA}.Release|Any CPU.Build.0 = Release|Any CPU
		{9EB96B8A-B522-4599-B075-534B6DBA7F84}.Debug|Any CPU.ActiveCfg = Debug|Any CPU
		{9EB96B8A-B522-4599-B075-534B6DBA7F84}.Debug|Any CPU.Build.0 = Debug|Any CPU
		{9EB96B8A-B522-4599-B075-534B6DBA7F84}.Release|Any CPU.ActiveCfg = Release|Any CPU
		{9EB96B8A-B522-4599-B075-534B6DBA7F84}.Release|Any CPU.Build.0 = Release|Any CPU
		{BEAD9614-6979-4709-8D58-FA451D6C2580}.Debug|Any CPU.ActiveCfg = Debug|Any CPU
		{BEAD9614-6979-4709-8D58-FA451D6C2580}.Debug|Any CPU.Build.0 = Debug|Any CPU
		{BEAD9614-6979-4709-8D58-FA451D6C2580}.Release|Any CPU.ActiveCfg = Release|Any CPU
		{BEAD9614-6979-4709-8D58-FA451D6C2580}.Release|Any CPU.Build.0 = Release|Any CPU
		{A4F80B8B-DAB5-43A1-A482-4F8D15F06352}.Debug|Any CPU.ActiveCfg = Debug|Any CPU
		{A4F80B8B-DAB5-43A1-A482-4F8D15F06352}.Debug|Any CPU.Build.0 = Debug|Any CPU
		{A4F80B8B-DAB5-43A1-A482-4F8D15F06352}.Release|Any CPU.ActiveCfg = Release|Any CPU
		{A4F80B8B-DAB5-43A1-A482-4F8D15F06352}.Release|Any CPU.Build.0 = Release|Any CPU
		{75246F15-E216-423E-8099-87E76B1BF5A7}.Debug|Any CPU.ActiveCfg = Debug|Any CPU
		{75246F15-E216-423E-8099-87E76B1BF5A7}.Debug|Any CPU.Build.0 = Debug|Any CPU
		{75246F15-E216-423E-8099-87E76B1BF5A7}.Release|Any CPU.ActiveCfg = Release|Any CPU
		{75246F15-E216-423E-8099-87E76B1BF5A7}.Release|Any CPU.Build.0 = Release|Any CPU
	EndGlobalSection
	GlobalSection(SolutionProperties) = preSolution
		HideSolutionNode = FALSE
	EndGlobalSection
	GlobalSection(ExtensibilityGlobals) = postSolution
		SolutionGuid = {8ACD2BFD-4A3C-499B-BE2F-58ADEF7344C3}
	EndGlobalSection
EndGlobal
